{
  "name": "@jumo.net/node-red-varitron",
  "version": "1.0.24",
  "lockfileVersion": 2,
  "requires": true,
  "packages": {
    "": {
      "name": "@jumo.net/node-red-varitron",
      "version": "1.0.24",
      "license": "MIT",
      "dependencies": {
        "@jumo.net/varitron-process-values": "1.0.25"
      },
      "devDependencies": {},
      "engines": {
        "node": ">=14.0.0"
      }
    },
    "node_modules/@homebridge/dbus-native": {
      "version": "0.7.3",
      "license": "MIT",
      "dependencies": {
        "event-stream": "^4.0.1",
        "hexy": "^0.3.5",
        "long": "^5.3.2",
        "minimist": "^1.2.8",
        "safe-buffer": "^5.1.2",
        "xml2js": "^0.6.2"
      },
      "bin": {
        "dbus2js": "bin/dbus2js.js"
      }
    },
    "node_modules/@jumo.net/varitron-process-values": {
      "version": "1.0.25",
      "hasInstallScript": true,
      "license": "MIT",
      "dependencies": {
        "@homebridge/dbus-native": "0.7.3",
        "node-addon-api": "8.6.0"
      }
    },
    "node_modules/duplexer": {
      "version": "0.1.2",
      "license": "MIT"
    },
    "node_modules/event-stream": {
      "version": "4.0.1",
      "license": "MIT",
      "dependencies": {
        "duplexer": "^0.1.1",
        "from": "^0.1.7",
        "map-stream": "0.0.7",
        "pause-stream": "^0.0.11",
        "split": "^1.0.1",
        "stream-combiner": "^0.2.2",
        "through": "^2.3.8"
      }
    },
    "node_modules/from": {
      "version": "0.1.7",
      "license": "MIT"
    },
    "node_modules/hexy": {
      "version": "0.3.5",
      "license": "MIT",
      "bin": {
        "hexy": "bin/hexy_cmd.js"
      },
      "engines": {
        "node": ">=10.4"
      }
    },
    "node_modules/long": {
      "version": "5.3.2",
      "license": "Apache-2.0"
    },
    "node_modules/map-stream": {
      "version": "0.0.7",
      "license": "MIT"
    },
    "node_modules/minimist": {
      "version": "1.2.8",
      "license": "MIT",
      "funding": {
        "url": "https://github.com/sponsors/ljharb"
      }
    },
    "node_modules/node-addon-api": {
      "version": "8.6.0",
      "license": "MIT",
      "engines": {
        "node": "^18 || ^20 || >= 21"
      }
    },
    "node_modules/pause-stream": {
      "version": "0.0.11",
      "license": [
        "MIT",
        "Apache2"
      ],
      "dependencies": {
        "through": "~2.3"
      }
    },
    "node_modules/safe-buffer": {
      "version": "5.2.1",
      "funding": [
        {
          "type": "github",
          "url": "https://github.com/sponsors/feross"
        },
        {
          "type": "patreon",
          "url": "https://www.patreon.com/feross"
        },
        {
          "type": "consulting",
          "url": "https://feross.org/support"
        }
      ],
      "license": "MIT"
    },
    "node_modules/sax": {
      "version": "1.5.0",
      "license": "BlueOak-1.0.0",
      "engines": {
        "node": ">=11.0.0"
      }
    },
    "node_modules/split": {
      "version": "1.0.1",
      "license": "MIT",
      "dependencies": {
        "through": "2"
      },
      "engines": {
        "node": "*"
      }
    },
    "node_modules/stream-combiner": {
      "version": "0.2.2",
      "license": "MIT",
      "dependencies": {
        "duplexer": "~0.1.1",
        "through": "~2.3.4"
      }
    },
    "node_modules/through": {
      "version": "2.3.8",
      "license": "MIT"
    },
    "node_modules/xml2js": {
      "version": "0.6.2",
      "license": "MIT",
      "dependencies": {
        "sax": ">=0.6.0",
        "xmlbuilder": "~11.0.0"
      },
      "engines": {
        "node": ">=4.0.0"
      }
    },
    "node_modules/xmlbuilder": {
      "version": "11.0.1",
      "license": "MIT",
      "engines": {
        "node": ">=4.0"
      }
    }
  },
  "dependencies": {
    "@homebridge/dbus-native": {
      "version": "0.7.3",
      "requires": {
        "event-stream": "^4.0.1",
        "hexy": "^0.3.5",
        "long": "^5.3.2",
        "minimist": "^1.2.8",
        "safe-buffer": "^5.1.2",
        "xml2js": "^0.6.2"
      }
    },
    "@jumo.net/varitron-process-values": {
      "version": "1.0.25",
      "requires": {
        "@homebridge/dbus-native": "0.7.3",
        "node-addon-api": "8.6.0"
      }
    },
    "duplexer": {
      "version": "0.1.2"
    },
    "event-stream": {
      "version": "4.0.1",
      "requires": {
        "duplexer": "^0.1.1",
        "from": "^0.1.7",
        "map-stream": "0.0.7",
        "pause-stream": "^0.0.11",
        "split": "^1.0.1",
        "stream-combiner": "^0.2.2",
        "through": "^2.3.8"
      }
    },
    "from": {
      "version": "0.1.7"
    },
    "hexy": {
      "version": "0.3.5"
    },
    "long": {
      "version": "5.3.2"
    },
    "map-stream": {
      "version": "0.0.7"
    },
    "minimist": {
      "version": "1.2.8"
    },
    "node-addon-api": {
      "version": "8.6.0"
    },
    "pause-stream": {
      "version": "0.0.11",
      "requires": {
        "through": "~2.3"
      }
    },
    "safe-buffer": {
      "version": "5.2.1"
    },
    "sax": {
      "version": "1.5.0"
    },
    "split": {
      "version": "1.0.1",
      "requires": {
        "through": "2"
      }
    },
    "stream-combiner": {
      "version": "0.2.2",
      "requires": {
        "duplexer": "~0.1.1",
        "through": "~2.3.4"
      }
    },
    "through": {
      "version": "2.3.8"
    },
    "xml2js": {
      "version": "0.6.2",
      "requires": {
        "sax": ">=0.6.0",
        "xmlbuilder": "~11.0.0"
      }
    },
    "xmlbuilder": {
      "version": "11.0.1"
    }
  }
}
